PODS:
  - AWSCore (2.26.1)
  - AWSS3 (2.26.1):
    - AWSCore (= 2.26.1)

DEPENDENCIES:
  - AWSS3

SPEC REPOS:
  trunk:
    - AWSCore
    - AWSS3

SPEC CHECKSUMS:
  AWSCore: 0f855e20ccb13e028932b737f0706023a9561399
  AWSS3: 9795c8568c36424f86bc881217dacf09263d40bc

PODFILE CHECKSUM: ae6d7a978bbf52fe7aec7212f57f4be801448d89

COCOAPODS: 1.11.2
